// !$*UTF8*$!
{
	archiveVersion = 1;
	classes = {
	};
	objectVersion = 48;
	objects = {

/* Begin PBXBuildFile section */
		486DCFFB219E767E0095DDD3 /* AppDelegate.swift in Sources */ = {isa = PBXBuildFile; fileRef = 486DCFFA219E767E0095DDD3 /* AppDelegate.swift */; };
		486DD000219E767E0095DDD3 /* Main.storyboard in Resources */ = {isa = PBXBuildFile; fileRef = 486DCFFE219E767E0095DDD3 /* Main.storyboard */; };
		486DD002219E767E0095DDD3 /* Assets.xcassets in Resources */ = {isa = PBXBuildFile; fileRef = 486DD001219E767E0095DDD3 /* Assets.xcassets */; };
		486DD005219E767E0095DDD3 /* LaunchScreen.storyboard in Resources */ = {isa = PBXBuildFile; fileRef = 486DD003219E767E0095DDD3 /* LaunchScreen.storyboard */; };
		486DD010219E767E0095DDD3 /* CanvasTests.swift in Sources */ = {isa = PBXBuildFile; fileRef = 486DD00F219E767E0095DDD3 /* CanvasTests.swift */; };
		486DD01B219E767E0095DDD3 /* CanvasUITests.swift in Sources */ = {isa = PBXBuildFile; fileRef = 486DD01A219E767E0095DDD3 /* CanvasUITests.swift */; };
		486DD02B219E7EDB0095DDD3 /* CanvasViewController.swift in Sources */ = {isa = PBXBuildFile; fileRef = 486DD02A219E7EDB0095DDD3 /* CanvasViewController.swift */; };
/* End PBXBuildFile section */

/* Begin PBXContainerItemProxy section */
		486DD00C219E767E0095DDD3 /* PBXContainerItemProxy */ = {
			isa = PBXContainerItemProxy;
			containerPortal = 486DCFEF219E767E0095DDD3 /* Project object */;
			proxyType = 1;
			remoteGlobalIDString = 486DCFF6219E767E0095DDD3;
			remoteInfo = Canvas;
		};
		486DD017219E767E0095DDD3 /* PBXContainerItemProxy */ = {
			isa = PBXContainerItemProxy;
			containerPortal = 486DCFEF219E767E0095DDD3 /* Project object */;
			proxyType = 1;
			remoteGlobalIDString = 486DCFF6219E767E0095DDD3;
			remoteInfo = Canvas;
		};
/* End PBXContainerItemProxy section */

/* Begin PBXFileReference section */
		486DCFF7219E767E0095DDD3 /* Canvas.app */ = {isa = PBXFileReference; explicitFileType = wrapper.application; includeInIndex = 0; path = Canvas.app; sourceTree = BUILT_PRODUCTS_DIR; };
		486DCFFA219E767E0095DDD3 /* AppDelegate.swift */ = {isa = PBXFileReference; lastKnownFileType = sourcecode.swift; path = AppDelegate.swift; sourceTree = "<group>"; };
		486DCFFF219E767E0095DDD3 /* Base */ = {isa = PBXFileReference; lastKnownFileType = file.storyboard; name = Base; path = Base.lproj/Main.storyboard; sourceTree = "<group>"; };
		486DD001219E767E0095DDD3 /* Assets.xcassets */ = {isa = PBXFileReference; lastKnownFileType = folder.assetcatalog; path = Assets.xcassets; sourceTree = "<group>"; };
		486DD004219E767E0095DDD3 /* Base */ = {isa = PBXFileReference; lastKnownFileType = file.storyboard; name = Base; path = Base.lproj/LaunchScreen.storyboard; sourceTree = "<group>"; };
		486DD006219E767E0095DDD3 /* Info.plist */ = {isa = PBXFileReference; lastKnownFileType = text.plist.xml; path = Info.plist; sourceTree = "<group>"; };
		486DD00B219E767E0095DDD3 /* CanvasTests.xctest */ = {isa = PBXFileReference; explicitFileType = wrapper.cfbundle; includeInIndex = 0; path = CanvasTests.xctest; sourceTree = BUILT_PRODUCTS_DIR; };
		486DD00F219E767E0095DDD3 /* CanvasTests.swift */ = {isa = PBXFileReference; lastKnownFileType = sourcecode.swift; path = CanvasTests.swift; sourceTree = "<group>"; };
		486DD011219E767E0095DDD3 /* Info.plist */ = {isa = PBXFileReference; lastKnownFileType = text.plist.xml; path = Info.plist; sourceTree = "<group>"; };
		486DD016219E767E0095DDD3 /* CanvasUITests.xctest */ = {isa = PBXFileReference; explicitFileType = wrapper.cfbundle; includeInIndex = 0; path = CanvasUITests.xctest; sourceTree = BUILT_PRODUCTS_DIR; };
		486DD01A219E767E0095DDD3 /* CanvasUITests.swift */ = {isa = PBXFileReference; lastKnownFileType = sourcecode.swift; path = CanvasUITests.swift; sourceTree = "<group>"; };
		486DD01C219E767E0095DDD3 /* Info.plist */ = {isa = PBXFileReference; lastKnownFileType = text.plist.xml; path = Info.plist; sourceTree = "<group>"; };
		486DD02A219E7EDB0095DDD3 /* CanvasViewController.swift */ = {isa = PBXFileReference; lastKnownFileType = sourcecode.swift; path = CanvasViewController.swift; sourceTree = "<group>"; };
/* End PBXFileReference section */

/* Begin PBXFrameworksBuildPhase section */
		486DCFF4219E767E0095DDD3 /* Frameworks */ = {
			isa = PBXFrameworksBuildPhase;
			buildActionMask = 2147483647;
			files = (
			);
			runOnlyForDeploymentPostprocessing = 0;
		};
		486DD008219E767E0095DDD3 /* Frameworks */ = {
			isa = PBXFrameworksBuildPhase;
			buildActionMask = 2147483647;
			files = (
			);
			runOnlyForDeploymentPostprocessing = 0;
		};
		486DD013219E767E0095DDD3 /* Frameworks */ = {
			isa = PBXFrameworksBuildPhase;
			buildActionMask = 2147483647;
			files = (
			);
			runOnlyForDeploymentPostprocessing = 0;
		};
/* End PBXFrameworksBuildPhase section */

/* Begin PBXGroup section */
		486DCFEE219E767E0095DDD3 = {
			isa = PBXGroup;
			children = (
				486DCFF9219E767E0095DDD3 /* Canvas */,
				486DD00E219E767E0095DDD3 /* CanvasTests */,
				486DD019219E767E0095DDD3 /* CanvasUITests */,
				486DCFF8219E767E0095DDD3 /* Products */,
			);
			sourceTree = "<group>";
		};
		486DCFF8219E767E0095DDD3 /* Products */ = {
			isa = PBXGroup;
			children = (
				486DCFF7219E767E0095DDD3 /* Canvas.app */,
				486DD00B219E767E0095DDD3 /* CanvasTests.xctest */,
				486DD016219E767E0095DDD3 /* CanvasUITests.xctest */,
			);
			name = Products;
			sourceTree = "<group>";
		};
		486DCFF9219E767E0095DDD3 /* Canvas */ = {
			isa = PBXGroup;
			children = (
				486DCFFA219E767E0095DDD3 /* AppDelegate.swift */,
				486DD02A219E7EDB0095DDD3 /* CanvasViewController.swift */,
				486DCFFE219E767E0095DDD3 /* Main.storyboard */,
				486DD001219E767E0095DDD3 /* Assets.xcassets */,
				486DD003219E767E0095DDD3 /* LaunchScreen.storyboard */,
				486DD006219E767E0095DDD3 /* Info.plist */,
			);
			path = Canvas;
			sourceTree = "<group>";
		};
		486DD00E219E767E0095DDD3 /* CanvasTests */ = {
			isa = PBXGroup;
			children = (
				486DD00F219E767E0095DDD3 /* CanvasTests.swift */,
				486DD011219E767E0095DDD3 /* Info.plist */,
			);
			path = CanvasTests;
			sourceTree = "<group>";
		};
		486DD019219E767E0095DDD3 /* CanvasUITests */ = {
			isa = PBXGroup;
			children = (
				486DD01A219E767E0095DDD3 /* CanvasUITests.swift */,
				486DD01C219E767E0095DDD3 /* Info.plist */,
			);
			path = CanvasUITests;
			sourceTree = "<group>";
		};
/* End PBXGroup section */

/* Begin PBXNativeTarget section */
		486DCFF6219E767E0095DDD3 /* Canvas */ = {
			isa = PBXNativeTarget;
			buildConfigurationList = 486DD01F219E767E0095DDD3 /* Build configuration list for PBXNativeTarget "Canvas" */;
			buildPhases = (
				486DCFF3219E767E0095DDD3 /* Sources */,
				486DCFF4219E767E0095DDD3 /* Frameworks */,
				486DCFF5219E767E0095DDD3 /* Resources */,
			);
			buildRules = (
			);
			dependencies = (
			);
			name = Canvas;
			productName = Canvas;
			productReference = 486DCFF7219E767E0095DDD3 /* Canvas.app */;
			productType = "com.apple.product-type.application";
		};
		486DD00A219E767E0095DDD3 /* CanvasTests */ = {
			isa = PBXNativeTarget;
			buildConfigurationList = 486DD022219E767E0095DDD3 /* Build configuration list for PBXNativeTarget "CanvasTests" */;
			buildPhases = (
				486DD007219E767E0095DDD3 /* Sources */,
				486DD008219E767E0095DDD3 /* Frameworks */,
				486DD009219E767E0095DDD3 /* Resources */,
			);
			buildRules = (
			);
			dependencies = (
				486DD00D219E767E0095DDD3 /* PBXTargetDependency */,
			);
			name = CanvasTests;
			productName = CanvasTests;
			productReference = 486DD00B219E767E0095DDD3 /* CanvasTests.xctest */;
			productType = "com.apple.product-type.bundle.unit-test";
		};
		486DD015219E767E0095DDD3 /* CanvasUITests */ = {
			isa = PBXNativeTarget;
			buildConfigurationList = 486DD025219E767E0095DDD3 /* Build configuration list for PBXNativeTarget "CanvasUITests" */;
			buildPhases = (
				486DD012219E767E0095DDD3 /* Sources */,
				486DD013219E767E0095DDD3 /* Frameworks */,
				486DD014219E767E0095DDD3 /* Resources */,
			);
			buildRules = (
			);
			dependencies = (
				486DD018219E767E0095DDD3 /* PBXTargetDependency */,
			);
			name = CanvasUITests;
			productName = CanvasUITests;
			productReference = 486DD016219E767E0095DDD3 /* CanvasUITests.xctest */;
			productType = "com.apple.product-type.bundle.ui-testing";
		};
/* End PBXNativeTarget section */

/* Begin PBXProject section */
		486DCFEF219E767E0095DDD3 /* Project object */ = {
			isa = PBXProject;
			attributes = {
				LastSwiftUpdateCheck = 0920;
				LastUpgradeCheck = 0920;
				ORGANIZATIONNAME = "Avishek Thapa Magar";
				TargetAttributes = {
					486DCFF6219E767E0095DDD3 = {
						CreatedOnToolsVersion = 9.2;
						ProvisioningStyle = Automatic;
					};
					486DD00A219E767E0095DDD3 = {
						CreatedOnToolsVersion = 9.2;
						ProvisioningStyle = Automatic;
						TestTargetID = 486DCFF6219E767E0095DDD3;
					};
					486DD015219E767E0095DDD3 = {
						CreatedOnToolsVersion = 9.2;
						ProvisioningStyle = Automatic;
						TestTargetID = 486DCFF6219E767E0095DDD3;
					};
				};
			};
			buildConfigurationList = 486DCFF2219E767E0095DDD3 /* Build configuration list for PBXProject "Canvas" */;
			compatibilityVersion = "Xcode 8.0";
			developmentRegion = en;
			hasScannedForEncodings = 0;
			knownRegions = (
				en,
				Base,
			);
			mainGroup = 486DCFEE219E767E0095DDD3;
			productRefGroup = 486DCFF8219E767E0095DDD3 /* Products */;
			projectDirPath = "";
			projectRoot = "";
			targets = (
				486DCFF6219E767E0095DDD3 /* Canvas */,
				486DD00A219E767E0095DDD3 /* CanvasTests */,
				486DD015219E767E0095DDD3 /* CanvasUITests */,
			);
		};
/* End PBXProject section */

/* Begin PBXResourcesBuildPhase section */
		486DCFF5219E767E0095DDD3 /* Resources */ = {
			isa = PBXResourcesBuildPhase;
			buildActionMask = 2147483647;
			files = (
				486DD005219E767E0095DDD3 /* LaunchScreen.storyboard in Resources */,
				486DD002219E767E0095DDD3 /* Assets.xcassets in Resources */,
				486DD000219E767E0095DDD3 /* Main.storyboard in Resources */,
			);
			runOnlyForDeploymentPostprocessing = 0;
		};
		486DD009219E767E0095DDD3 /* Resources */ = {
			isa = PBXResourcesBuildPhase;
			buildActionMask = 2147483647;
			files = (
			);
			runOnlyForDeploymentPostprocessing = 0;
		};
		486DD014219E767E0095DDD3 /* Resources */ = {
			isa = PBXResourcesBuildPhase;
			buildActionMask = 2147483647;
			files = (
			);
			runOnlyForDeploymentPostprocessing = 0;
		};
/* End PBXResourcesBuildPhase section */

/* Begin PBXSourcesBuildPhase section */
		486DCFF3219E767E0095DDD3 /* Sources */ = {
			isa = PBXSourcesBuildPhase;
			buildActionMask = 2147483647;
			files = (
				486DD02B219E7EDB0095DDD3 /* CanvasViewController.swift in Sources */,
				486DCFFB219E767E0095DDD3 /* AppDelegate.swift in Sources */,
			);
			runOnlyForDeploymentPostprocessing = 0;
		};
		486DD007219E767E0095DDD3 /* Sources */ = {
			isa = PBXSourcesBuildPhase;
			buildActionMask = 2147483647;
			files = (
				486DD010219E767E0095DDD3 /* CanvasTests.swift in Sources */,
			);
			runOnlyForDeploymentPostprocessing = 0;
		};
		486DD012219E767E0095DDD3 /* Sources */ = {
			isa = PBXSourcesBuildPhase;
			buildActionMask = 2147483647;
			files = (
				486DD01B219E767E0095DDD3 /* CanvasUITests.swift in Sources */,
			);
			runOnlyForDeploymentPostprocessing = 0;
		};
/* End PBXSourcesBuildPhase section */

/* Begin PBXTargetDependency section */
		486DD00D219E767E0095DDD3 /* PBXTargetDependency */ = {
			isa = PBXTargetDependency;
			target = 486DCFF6219E767E0095DDD3 /* Canvas */;
			targetProxy = 486DD00C219E767E0095DDD3 /* PBXContainerItemProxy */;
		};
		486DD018219E767E0095DDD3 /* PBXTargetDependency */ = {
			isa = PBXTargetDependency;
			target = 486DCFF6219E767E0095DDD3 /* Canvas */;
			targetProxy = 486DD017219E767E0095DDD3 /* PBXContainerItemProxy */;
		};
/* End PBXTargetDependency section */

/* Begin PBXVariantGroup section */
		486DCFFE219E767E0095DDD3 /* Main.storyboard */ = {
			isa = PBXVariantGroup;
			children = (
				486DCFFF219E767E0095DDD3 /* Base */,
			);
			name = Main.storyboard;
			sourceTree = "<group>";
		};
		486DD003219E767E0095DDD3 /* LaunchScreen.storyboard */ = {
			isa = PBXVariantGroup;
			children = (
				486DD004219E767E0095DDD3 /* Base */,
			);
			name = LaunchScreen.storyboard;
			sourceTree = "<group>";
		};
/* End PBXVariantGroup section */

/* Begin XCBuildConfiguration section */
		486DD01D219E767E0095DDD3 /* Debug */ = {
			isa = XCBuildConfiguration;
			buildSettings = {
				ALWAYS_SEARCH_USER_PATHS = NO;
				CLANG_ANALYZER_NONNULL = YES;
				CLANG_ANALYZER_NUMBER_OBJECT_CONVERSION = YES_AGGRESSIVE;
				CLANG_CXX_LANGUAGE_STANDARD = "gnu++14";
				CLANG_CXX_LIBRARY = "libc++";
				CLANG_ENABLE_MODULES = YES;
				CLANG_ENABLE_OBJC_ARC = YES;
				CLANG_WARN_BLOCK_CAPTURE_AUTORELEASING = YES;
				CLANG_WARN_BOOL_CONVERSION = YES;
				CLANG_WARN_COMMA = YES;
				CLANG_WARN_CONSTANT_CONVERSION = YES;
				CLANG_WARN_DIRECT_OBJC_ISA_USAGE = YES_ERROR;
				CLANG_WARN_DOCUMENTATION_COMMENTS = YES;
				CLANG_WARN_EMPTY_BODY = YES;
				CLANG_WARN_ENUM_CONVERSION = YES;
				CLANG_WARN_INFINITE_RECURSION = YES;
				CLANG_WARN_INT_CONVERSION = YES;
				CLANG_WARN_NON_LITERAL_NULL_CONVERSION = YES;
				CLANG_WARN_OBJC_LITERAL_CONVERSION = YES;
				CLANG_WARN_OBJC_ROOT_CLASS = YES_ERROR;
				CLANG_WARN_RANGE_LOOP_ANALYSIS = YES;
				CLANG_WARN_STRICT_PROTOTYPES = YES;
				CLANG_WARN_SUSPICIOUS_MOVE = YES;
				CLANG_WARN_UNGUARDED_AVAILABILITY = YES_AGGRESSIVE;
				CLANG_WARN_UNREACHABLE_CODE = YES;
				CLANG_WARN__DUPLICATE_METHOD_MATCH = YES;
				CODE_SIGN_IDENTITY = "iPhone Developer";
				COPY_PHASE_STRIP = NO;
				DEBUG_INFORMATION_FORMAT = dwarf;
				ENABLE_STRICT_OBJC_MSGSEND = YES;
				ENABLE_TESTABILITY = YES;
				GCC_C_LANGUAGE_STANDARD = gnu11;
				GCC_DYNAMIC_NO_PIC = NO;
				GCC_NO_COMMON_BLOCKS = YES;
				GCC_OPTIMIZATION_LEVEL = 0;
				GCC_PREPROCESSOR_DEFINITIONS = (
					"DEBUG=1",
					"$(inherited)",
				);
				GCC_WARN_64_TO_32_BIT_CONVERSION = YES;
				GCC_WARN_ABOUT_RETURN_TYPE = YES_ERROR;
				GCC_WARN_UNDECLARED_SELECTOR = YES;
				GCC_WARN_UNINITIALIZED_AUTOS = YES_AGGRESSIVE;
				GCC_WARN_UNUSED_FUNCTION = YES;
				GCC_WARN_UNUSED_VARIABLE = YES;
				IPHONEOS_DEPLOYMENT_TARGET = 11.2;
				MTL_ENABLE_DEBUG_INFO = YES;
				ONLY_ACTIVE_ARCH = YES;
				SDKROOT = iphoneos;
				SWIFT_ACTIVE_COMPILATION_CONDITIONS = DEBUG;
				SWIFT_OPTIMIZATION_LEVEL = "-Onone";
			};
			name = Debug;
		};
		486DD01E219E767E0095DDD3 /* Release */ = {
			isa = XCBuildConfiguration;
			buildSettings = {
				ALWAYS_SEARCH_USER_PATHS = NO;
				CLANG_ANALYZER_NONNULL = YES;
				CLANG_ANALYZER_NUMBER_OBJECT_CONVERSION = YES_AGGRESSIVE;
				CLANG_CXX_LANGUAGE_STANDARD = "gnu++14";
				CLANG_CXX_LIBRARY = "libc++";
				CLANG_ENABLE_MODULES = YES;
				CLANG_ENABLE_OBJC_ARC = YES;
				CLANG_WARN_BLOCK_CAPTURE_AUTORELEASING = YES;
				CLANG_WARN_BOOL_CONVERSION = YES;
				CLANG_WARN_COMMA = YES;
				CLANG_WARN_CONSTANT_CONVERSION = YES;
				CLANG_WARN_DIRECT_OBJC_ISA_USAGE = YES_ERROR;
				CLANG_WARN_DOCUMENTATION_COMMENTS = YES;
				CLANG_WARN_EMPTY_BODY = YES;
				CLANG_WARN_ENUM_CONVERSION = YES;
				CLANG_WARN_INFINITE_RECURSION = YES;
				CLANG_WARN_INT_CONVERSION = YES;
				CLANG_WARN_NON_LITERAL_NULL_CONVERSION = YES;
				CLANG_WARN_OBJC_LITERAL_CONVERSION = YES;
				CLANG_WARN_OBJC_ROOT_CLASS = YES_ERROR;
				CLANG_WARN_RANGE_LOOP_ANALYSIS = YES;
				CLANG_WARN_STRICT_PROTOTYPES = YES;
				CLANG_WARN_SUSPICIOUS_MOVE = YES;
				CLANG_WARN_UNGUARDED_AVAILABILITY = YES_AGGRESSIVE;
				CLANG_WARN_UNREACHABLE_CODE = YES;
				CLANG_WARN__DUPLICATE_METHOD_MATCH = YES;
				CODE_SIGN_IDENTITY = "iPhone Developer";
				COPY_PHASE_STRIP = NO;
				DEBUG_INFORMATION_FORMAT = "dwarf-with-dsym";
				ENABLE_NS_ASSERTIONS = NO;
				ENABLE_STRICT_OBJC_MSGSEND = YES;
				GCC_C_LANGUAGE_STANDARD = gnu11;
				GCC_NO_COMMON_BLOCKS = YES;
				GCC_WARN_64_TO_32_BIT_CONVERSION = YES;
				GCC_WARN_ABOUT_RETURN_TYPE = YES_ERROR;
				GCC_WARN_UNDECLARED_SELECTOR = YES;
				GCC_WARN_UNINITIALIZED_AUTOS = YES_AGGRESSIVE;
				GCC_WARN_UNUSED_FUNCTION = YES;
				GCC_WARN_UNUSED_VARIABLE = YES;
				IPHONEOS_DEPLOYMENT_TARGET = 11.2;
				MTL_ENABLE_DEBUG_INFO = NO;
				SDKROOT = iphoneos;
				SWIFT_OPTIMIZATION_LEVEL = "-Owholemodule";
				VALIDATE_PRODUCT = YES;
			};
			name = Release;
		};
		486DD020219E767E0095DDD3 /* Debug */ = {
			isa = XCBuildConfiguration;
			buildSettings = {
				ASSETCATALOG_COMPILER_APPICON_NAME = AppIcon;
				CODE_SIGN_STYLE = Automatic;
				INFOPLIST_FILE = Canvas/Info.plist;
				LD_RUNPATH_SEARCH_PATHS = "$(inherited) @executable_path/Frameworks";
				PRODUCT_BUNDLE_IDENTIFIER = soft.Canvas;
				PRODUCT_NAME = "$(TARGET_NAME)";
				SWIFT_VERSION = 4.0;
				TARGETED_DEVICE_FAMILY = "1,2";
			};
			name = Debug;
		};
		486DD021219E767E0095DDD3 /* Release */ = {
			isa = XCBuildConfiguration;
			buildSettings = {
				ASSETCATALOG_COMPILER_APPICON_NAME = AppIcon;
				CODE_SIGN_STYLE = Automatic;
				INFOPLIST_FILE = Canvas/Info.plist;
				LD_RUNPATH_SEARCH_PATHS = "$(inherited) @executable_path/Frameworks";
				PRODUCT_BUNDLE_IDENTIFIER = soft.Canvas;
				PRODUCT_NAME = "$(TARGET_NAME)";
				SWIFT_VERSION = 4.0;
				TARGETED_DEVICE_FAMILY = "1,2";
			};
			name = Release;
		};
		486DD023219E767E0095DDD3 /* Debug */ = {
			isa = XCBuildConfiguration;
			buildSettings = {
				ALWAYS_EMBED_SWIFT_STANDARD_LIBRARIES = YES;
				BUNDLE_LOADER = "$(TEST_HOST)";
				CODE_SIGN_STYLE = Automatic;
				INFOPLIST_FILE = CanvasTests/Info.plist;
				LD_RUNPATH_SEARCH_PATHS = "$(inherited) @executable_path/Frameworks @loader_path/Frameworks";
				PRODUCT_BUNDLE_IDENTIFIER = soft.CanvasTests;
				PRODUCT_NAME = "$(TARGET_NAME)";
				SWIFT_VERSION = 4.0;
				TARGETED_DEVICE_FAMILY = "1,2";
				TEST_HOST = "$(BUILT_PRODUCTS_DIR)/Canvas.app/Canvas";
			};
			name = Debug;
		};
		486DD024219E767E0095DDD3 /* Release */ = {
			isa = XCBuildConfiguration;
			buildSettings = {
				ALWAYS_EMBED_SWIFT_STANDARD_LIBRARIES = YES;
				BUNDLE_LOADER = "$(TEST_HOST)";
				CODE_SIGN_STYLE = Automatic;
				INFOPLIST_FILE = CanvasTests/Info.plist;
				LD_RUNPATH_SEARCH_PATHS = "$(inherited) @executable_path/Frameworks @loader_path/Frameworks";
				PRODUCT_BUNDLE_IDENTIFIER = soft.CanvasTests;
				PRODUCT_NAME = "$(TARGET_NAME)";
				SWIFT_VERSION = 4.0;
				TARGETED_DEVICE_FAMILY = "1,2";
				TEST_HOST = "$(BUILT_PRODUCTS_DIR)/Canvas.app/Canvas";
			};
			name = Release;
		};
		486DD026219E767E0095DDD3 /* Debug */ = {
			isa = XCBuildConfiguration;
			buildSettings = {
				ALWAYS_EMBED_SWIFT_STANDARD_LIBRARIES = YES;
				CODE_SIGN_STYLE = Automatic;
				INFOPLIST_FILE = CanvasUITests/Info.plist;
				LD_RUNPATH_SEARCH_PATHS = "$(inherited) @executable_path/Frameworks @loader_path/Frameworks";
				PRODUCT_BUNDLE_IDENTIFIER = soft.CanvasUITests;
				PRODUCT_NAME = "$(TARGET_NAME)";
				SWIFT_VERSION = 4.0;
				TARGETED_DEVICE_FAMILY = "1,2";
				TEST_TARGET_NAME = Canvas;
			};
			name = Debug;
		};
		486DD027219E767E0095DDD3 /* Release */ = {
			isa = XCBuildConfiguration;
			buildSettings = {
				ALWAYS_EMBED_SWIFT_STANDARD_LIBRARIES = YES;
				CODE_SIGN_STYLE = Automatic;
				INFOPLIST_FILE = CanvasUITests/Info.plist;
				LD_RUNPATH_SEARCH_PATHS = "$(inherited) @executable_path/Frameworks @loader_path/Frameworks";
				PRODUCT_BUNDLE_IDENTIFIER = soft.CanvasUITests;
				PRODUCT_NAME = "$(TARGET_NAME)";
				SWIFT_VERSION = 4.0;
				TARGETED_DEVICE_FAMILY = "1,2";
				TEST_TARGET_NAME = Canvas;
			};
			name = Release;
		};
/* End XCBuildConfiguration section */

/* Begin XCConfigurationList section */
		486DCFF2219E767E0095DDD3 /* Build configuration list for PBXProject "Canvas" */ = {
			isa = XCConfigurationList;
			buildConfigurations = (
				486DD01D219E767E0095DDD3 /* Debug */,
				486DD01E219E767E0095DDD3 /* Release */,
			);
			defaultConfigurationIsVisible = 0;
			defaultConfigurationName = Release;
		};
		486DD01F219E767E0095DDD3 /* Build configuration list for PBXNativeTarget "Canvas" */ = {
			isa = XCConfigurationList;
			buildConfigurations = (
				486DD020219E767E0095DDD3 /* Debug */,
				486DD021219E767E0095DDD3 /* Release */,
			);
			defaultConfigurationIsVisible = 0;
			defaultConfigurationName = Release;
		};
		486DD022219E767E0095DDD3 /* Build configuration list for PBXNativeTarget "CanvasTests" */ = {
			isa = XCConfigurationList;
			buildConfigurations = (
				486DD023219E767E0095DDD3 /* Debug */,
				486DD024219E767E0095DDD3 /* Release */,
			);
			defaultConfigurationIsVisible = 0;
			defaultConfigurationName = Release;
		};
		486DD025219E767E0095DDD3 /* Build configuration list for PBXNativeTarget "CanvasUITests" */ = {
			isa = XCConfigurationList;
			buildConfigurations = (
				486DD026219E767E0095DDD3 /* Debug */,
				486DD027219E767E0095DDD3 /* Release */,
			);
			defaultConfigurationIsVisible = 0;
			defaultConfigurationName = Release;
		};
/* End XCConfigurationList section */
	};
	rootObject = 486DCFEF219E767E0095DDD3 /* Project object */;
}
